
Microsoft Visual Studio Solution File, Format Version 12.00
# Visual Studio Version 17
VisualStudioVersion = 17.2.32616.157
MinimumVisualStudioVersion = 10.0.40219.1
Project("{FAE04EC0-301F-11D3-BF4B-00C04F79EFBC}") = "Quest", "Quest.csproj", "{0FBBFD5A-BE69-4931-BD85-82031E466AFF}"
EndProject
Global
	GlobalSection(SolutionConfigurationPlatforms) = preSolution
		Debug|Any CPU = Debug|Any CPU
		Release|Any CPU = Release|Any CPU
	EndGlobalSection
	GlobalSection(ProjectConfigurationPlatforms) = postSolution
		{0FBBFD5A-BE69-4931-BD85-82031E466AFF}.Debug|Any CPU.ActiveCfg = Debug|Any CPU
		{0FBBFD5A-BE69-4931-BD85-82031E466AFF}.Debug|Any CPU.Build.0 = Debug|Any CPU
		{0FBBFD5A-BE69-4931-BD85-82031E466AFF}.Release|Any CPU.ActiveCfg = Release|Any CPU
		{0FBBFD5A-BE69-4931-BD85-82031E466AFF}.Release|Any CPU.Build.0 = Release|Any CPU
	EndGlobalSection
	GlobalSection(SolutionProperties) = preSolution
		HideSolutionNode = FALSE
	EndGlobalSection
	GlobalSection(ExtensibilityGlobals) = postSolution
		SolutionGuid = {0C5C55DB-BC2D-44E8-8D31-4DF48DC64FA8}
	EndGlobalSection
EndGlobal
